
Microsoft Visual Studio Solution File, Format Version 12.00
# Visual Studio Version 16
VisualStudioVersion = 16.0.30320.27
MinimumVisualStudioVersion = 10.0.40219.1
Project("{FAE04EC0-301F-11D3-BF4B-00C04F79EFBC}") = "AmsCeApi", "AmsCeApi\AmsCeApi.csproj", "{F8F9FE84-D593-4047-8BBF-7F3087A5F578}"
EndProject
Global
	GlobalSection(SolutionConfigurationPlatforms) = preSolution
		Debug|Any CPU = Debug|Any CPU
		Release|Any CPU = Release|Any CPU
	EndGlobalSection
	GlobalSection(ProjectConfigurationPlatforms) = postSolution
		{F8F9FE84-D593-4047-8BBF-7F3087A5F578}.Debug|Any CPU.ActiveCfg = Debug|Any CPU
		{F8F9FE84-D593-4047-8BBF-7F3087A5F578}.Debug|Any CPU.Build.0 = Debug|Any CPU
		{F8F9FE84-D593-4047-8BBF-7F3087A5F578}.Release|Any CPU.ActiveCfg = Release|Any CPU
		{F8F9FE84-D593-4047-8BBF-7F3087A5F578}.Release|Any CPU.Build.0 = Release|Any CPU
	EndGlobalSection
	GlobalSection(SolutionProperties) = preSolution
		HideSolutionNode = FALSE
	EndGlobalSection
	GlobalSection(ExtensibilityGlobals) = postSolution
		SolutionGuid = {191D6A49-0FFA-4CA8-8051-C90E19EEAF6A}
	EndGlobalSection
EndGlobal
